
Microsoft Visual Studio Solution File, Format Version 12.00
# Visual Studio Version 17
VisualStudioVersion = 17.9.34723.18
MinimumVisualStudioVersion = 10.0.40219.1
Project("{FAE04EC0-301F-11D3-BF4B-00C04F79EFBC}") = "NadinSoftTask", "NadinSoftTask\NadinSoftTask.csproj", "{EB707329-A472-42A8-BF92-FE0042995F5A}"
EndProject
Project("{FAE04EC0-301F-11D3-BF4B-00C04F79EFBC}") = "NadinSoftTask.Domain", "NadinSoftTask.Domain\NadinSoftTask.Domain.csproj", "{0822DB47-E67D-4DE1-9BD3-2709B69C39AD}"
EndProject
Project("{FAE04EC0-301F-11D3-BF4B-00C04F79EFBC}") = "NadinSoftTask.Application", "NadinSoftTask.Application\NadinSoftTask.Application.csproj", "{2A1A396E-61F2-4522-B8C3-A08977D99DCF}"
EndProject
Project("{FAE04EC0-301F-11D3-BF4B-00C04F79EFBC}") = "NadinSoftTask.Infrastructure", "NadinSoftTask.Infrastructure\NadinSoftTask.Infrastructure.csproj", "{74E75375-6A9B-4D98-A52A-FFC7A464F442}"
EndProject
Global
	GlobalSection(SolutionConfigurationPlatforms) = preSolution
		Debug|Any CPU = Debug|Any CPU
		Release|Any CPU = Release|Any CPU
	EndGlobalSection
	GlobalSection(ProjectConfigurationPlatforms) = postSolution
		{EB707329-A472-42A8-BF92-FE0042995F5A}.Debug|Any CPU.ActiveCfg = Debug|Any CPU
		{EB707329-A472-42A8-BF92-FE0042995F5A}.Debug|Any CPU.Build.0 = Debug|Any CPU
		{EB707329-A472-42A8-BF92-FE0042995F5A}.Release|Any CPU.ActiveCfg = Release|Any CPU
		{EB707329-A472-42A8-BF92-FE0042995F5A}.Release|Any CPU.Build.0 = Release|Any CPU
		{0822DB47-E67D-4DE1-9BD3-2709B69C39AD}.Debug|Any CPU.ActiveCfg = Debug|Any CPU
		{0822DB47-E67D-4DE1-9BD3-2709B69C39AD}.Debug|Any CPU.Build.0 = Debug|Any CPU
		{0822DB47-E67D-4DE1-9BD3-2709B69C39AD}.Release|Any CPU.ActiveCfg = Release|Any CPU
		{0822DB47-E67D-4DE1-9BD3-2709B69C39AD}.Release|Any CPU.Build.0 = Release|Any CPU
		{2A1A396E-61F2-4522-B8C3-A08977D99DCF}.Debug|Any CPU.ActiveCfg = Debug|Any CPU
		{2A1A396E-61F2-4522-B8C3-A08977D99DCF}.Debug|Any CPU.Build.0 = Debug|Any CPU
		{2A1A396E-61F2-4522-B8C3-A08977D99DCF}.Release|Any CPU.ActiveCfg = Release|Any CPU
		{2A1A396E-61F2-4522-B8C3-A08977D99DCF}.Release|Any CPU.Build.0 = Release|Any CPU
		{74E75375-6A9B-4D98-A52A-FFC7A464F442}.Debug|Any CPU.ActiveCfg = Debug|Any CPU
		{74E75375-6A9B-4D98-A52A-FFC7A464F442}.Debug|Any CPU.Build.0 = Debug|Any CPU
		{74E75375-6A9B-4D98-A52A-FFC7A464F442}.Release|Any CPU.ActiveCfg = Release|Any CPU
		{74E75375-6A9B-4D98-A52A-FFC7A464F442}.Release|Any CPU.Build.0 = Release|Any CPU
	EndGlobalSection
	GlobalSection(SolutionProperties) = preSolution
		HideSolutionNode = FALSE
	EndGlobalSection
	GlobalSection(ExtensibilityGlobals) = postSolution
		SolutionGuid = {DAE59365-2102-495B-A251-C9491F0ECD58}
	EndGlobalSection
EndGlobal
